
Microsoft Visual Studio Solution File, Format Version 12.00
# Visual Studio Version 17
VisualStudioVersion = 17.10.34928.147
MinimumVisualStudioVersion = 10.0.40219.1
Project("{FAE04EC0-301F-11D3-BF4B-00C04F79EFBC}") = "Pb503 classwork", "Pb503 classwork\Pb503 classwork.csproj", "{FE2D14F0-6270-4CE0-BA84-BDA2337E7807}"
EndProject
Global
	GlobalSection(SolutionConfigurationPlatforms) = preSolution
		Debug|Any CPU = Debug|Any CPU
		Release|Any CPU = Release|Any CPU
	EndGlobalSection
	GlobalSection(ProjectConfigurationPlatforms) = postSolution
		{FE2D14F0-6270-4CE0-BA84-BDA2337E7807}.Debug|Any CPU.ActiveCfg = Debug|Any CPU
		{FE2D14F0-6270-4CE0-BA84-BDA2337E7807}.Debug|Any CPU.Build.0 = Debug|Any CPU
		{FE2D14F0-6270-4CE0-BA84-BDA2337E7807}.Release|Any CPU.ActiveCfg = Release|Any CPU
		{FE2D14F0-6270-4CE0-BA84-BDA2337E7807}.Release|Any CPU.Build.0 = Release|Any CPU
	EndGlobalSection
	GlobalSection(SolutionProperties) = preSolution
		HideSolutionNode = FALSE
	EndGlobalSection
	GlobalSection(ExtensibilityGlobals) = postSolution
		SolutionGuid = {802EDD2A-1F3C-4D62-B32A-DC0B27E562E6}
	EndGlobalSection
EndGlobal
